{
  "originHash" : "38382f9725437d73b1cd2863fd7f9eb107f20e871e89d1d805faf3667ac37d26",
  "pins" : [
    {
      "identity" : "swift-codec-kit",
      "kind" : "remoteSourceControl",
      "location" : "https://github.com/arraypress/swift-codec-kit.git",
      "state" : {
        "revision" : "b4c090395538f4f6557eef9c3de08bcdb0db9a0e",
        "version" : "0.1.0"
      }
    }
  ],
  "version" : 3
}
